
Microsoft Visual Studio Solution File, Format Version 12.00
# Visual Studio 15
VisualStudioVersion = 15.0.26730.15
MinimumVisualStudioVersion = 10.0.40219.1
Project("{9A19103F-16F7-4668-BE54-9A1E7A4F7556}") = "TestApplication", "TestApplication\TestApplication.csproj", "{CCA87E92-62BA-4ACD-9818-0804EE6533BF}"
EndProject
Project("{FAE04EC0-301F-11D3-BF4B-00C04F79EFBC}") = "AvaloniaNotifications", "AvaloniaNotifications\AvaloniaNotifications.csproj", "{01DDE896-E30C-453F-B0CF-34AE5035FA5D}"
EndProject
Global
	GlobalSection(SolutionConfigurationPlatforms) = preSolution
		Debug|Any CPU = Debug|Any CPU
		Release|Any CPU = Release|Any CPU
	EndGlobalSection
	GlobalSection(ProjectConfigurationPlatforms) = postSolution
		{CCA87E92-62BA-4ACD-9818-0804EE6533BF}.Debug|Any CPU.ActiveCfg = Debug|Any CPU
		{CCA87E92-62BA-4ACD-9818-0804EE6533BF}.Debug|Any CPU.Build.0 = Debug|Any CPU
		{CCA87E92-62BA-4ACD-9818-0804EE6533BF}.Release|Any CPU.ActiveCfg = Release|Any CPU
		{CCA87E92-62BA-4ACD-9818-0804EE6533BF}.Release|Any CPU.Build.0 = Release|Any CPU
		{01DDE896-E30C-453F-B0CF-34AE5035FA5D}.Debug|Any CPU.ActiveCfg = Debug|Any CPU
		{01DDE896-E30C-453F-B0CF-34AE5035FA5D}.Debug|Any CPU.Build.0 = Debug|Any CPU
		{01DDE896-E30C-453F-B0CF-34AE5035FA5D}.Release|Any CPU.ActiveCfg = Release|Any CPU
		{01DDE896-E30C-453F-B0CF-34AE5035FA5D}.Release|Any CPU.Build.0 = Release|Any CPU
	EndGlobalSection
	GlobalSection(SolutionProperties) = preSolution
		HideSolutionNode = FALSE
	EndGlobalSection
	GlobalSection(ExtensibilityGlobals) = postSolution
		SolutionGuid = {91C98BBD-D002-4730-8EDA-72AC119B940A}
	EndGlobalSection
EndGlobal
